
Microsoft Visual Studio Solution File, Format Version 12.00
# Visual Studio 2013
VisualStudioVersion = 12.0.31101.0
MinimumVisualStudioVersion = 10.0.40219.1
Project("{FAE04EC0-301F-11D3-BF4B-00C04F79EFBC}") = "ConsoleAliquot", "ConsoleAliquot\ConsoleAliquot.csproj", "{3B8EBE44-7656-49FA-9750-E0511C8B3C09}"
EndProject
Project("{FAE04EC0-301F-11D3-BF4B-00C04F79EFBC}") = "Aliquot.Common", "Aliquot.Common\Aliquot.Common.csproj", "{DCF5F7EF-B8CA-4382-BB30-EAB98B13B0E2}"
EndProject
Global
	GlobalSection(SolutionConfigurationPlatforms) = preSolution
		Debug|Any CPU = Debug|Any CPU
		Release|Any CPU = Release|Any CPU
	EndGlobalSection
	GlobalSection(ProjectConfigurationPlatforms) = postSolution
		{3B8EBE44-7656-49FA-9750-E0511C8B3C09}.Debug|Any CPU.ActiveCfg = Debug|Any CPU
		{3B8EBE44-7656-49FA-9750-E0511C8B3C09}.Debug|Any CPU.Build.0 = Debug|Any CPU
		{3B8EBE44-7656-49FA-9750-E0511C8B3C09}.Release|Any CPU.ActiveCfg = Release|Any CPU
		{3B8EBE44-7656-49FA-9750-E0511C8B3C09}.Release|Any CPU.Build.0 = Release|Any CPU
		{DCF5F7EF-B8CA-4382-BB30-EAB98B13B0E2}.Debug|Any CPU.ActiveCfg = Debug|Any CPU
		{DCF5F7EF-B8CA-4382-BB30-EAB98B13B0E2}.Debug|Any CPU.Build.0 = Debug|Any CPU
		{DCF5F7EF-B8CA-4382-BB30-EAB98B13B0E2}.Release|Any CPU.ActiveCfg = Release|Any CPU
		{DCF5F7EF-B8CA-4382-BB30-EAB98B13B0E2}.Release|Any CPU.Build.0 = Release|Any CPU
	EndGlobalSection
	GlobalSection(SolutionProperties) = preSolution
		HideSolutionNode = FALSE
	EndGlobalSection
EndGlobal
